
Microsoft Visual Studio Solution File, Format Version 12.00
# Visual Studio 15
VisualStudioVersion = 15.0.28307.572
MinimumVisualStudioVersion = 10.0.40219.1
Project("{9A19103F-16F7-4668-BE54-9A1E7A4F7556}") = "IdentityServer", "IdentityServer\IdentityServer.csproj", "{F7397CBB-B398-41A6-9F17-8F4396713E0F}"
EndProject
Project("{FAE04EC0-301F-11D3-BF4B-00C04F79EFBC}") = "Api", "Api\Api.csproj", "{31373EA4-CE86-406A-87F7-6E40E3082B30}"
EndProject
Project("{FAE04EC0-301F-11D3-BF4B-00C04F79EFBC}") = "Client", "Client\Client.csproj", "{098506D7-2548-4441-9FEE-232CA1BF7D51}"
EndProject
Global
	GlobalSection(SolutionConfigurationPlatforms) = preSolution
		Debug|Any CPU = Debug|Any CPU
		Release|Any CPU = Release|Any CPU
	EndGlobalSection
	GlobalSection(ProjectConfigurationPlatforms) = postSolution
		{F7397CBB-B398-41A6-9F17-8F4396713E0F}.Debug|Any CPU.ActiveCfg = Debug|Any CPU
		{F7397CBB-B398-41A6-9F17-8F4396713E0F}.Debug|Any CPU.Build.0 = Debug|Any CPU
		{F7397CBB-B398-41A6-9F17-8F4396713E0F}.Release|Any CPU.ActiveCfg = Release|Any CPU
		{F7397CBB-B398-41A6-9F17-8F4396713E0F}.Release|Any CPU.Build.0 = Release|Any CPU
		{31373EA4-CE86-406A-87F7-6E40E3082B30}.Debug|Any CPU.ActiveCfg = Debug|Any CPU
		{31373EA4-CE86-406A-87F7-6E40E3082B30}.Debug|Any CPU.Build.0 = Debug|Any CPU
		{31373EA4-CE86-406A-87F7-6E40E3082B30}.Release|Any CPU.ActiveCfg = Release|Any CPU
		{31373EA4-CE86-406A-87F7-6E40E3082B30}.Release|Any CPU.Build.0 = Release|Any CPU
		{098506D7-2548-4441-9FEE-232CA1BF7D51}.Debug|Any CPU.ActiveCfg = Debug|Any CPU
		{098506D7-2548-4441-9FEE-232CA1BF7D51}.Debug|Any CPU.Build.0 = Debug|Any CPU
		{098506D7-2548-4441-9FEE-232CA1BF7D51}.Release|Any CPU.ActiveCfg = Release|Any CPU
		{098506D7-2548-4441-9FEE-232CA1BF7D51}.Release|Any CPU.Build.0 = Release|Any CPU
	EndGlobalSection
	GlobalSection(SolutionProperties) = preSolution
		HideSolutionNode = FALSE
	EndGlobalSection
	GlobalSection(ExtensibilityGlobals) = postSolution
		SolutionGuid = {52744EEC-9949-40EC-A64E-46D57E4283E6}
	EndGlobalSection
EndGlobal
